# Generated by pub
# path is at 1.9.0 (older than lock_a's 1.9.1)
packages:
  collection:
    dependency: "direct main"
    description:
      name: collection
      sha256: "2f5709ae4d3d59dd8f7cd309b4e023046b57d8a6c82130785d2b0e5868084e76"
      url: "https://pub.dev"
    source: hosted
    version: "1.19.1"
  path:
    dependency: "direct main"
    description:
      name: path
      sha256: "087ce49c3f0dc39180befefc60fdb4acd8f8620e5682fe2476afd0b3688bb4af"
      url: "https://pub.dev"
    source: hosted
    version: "1.9.0"
sdks:
  dart: ">=3.11.0 <4.0.0"
